
Microsoft Visual Studio Solution File, Format Version 12.00
# Visual Studio 15
VisualStudioVersion = 15.0.28307.1321
MinimumVisualStudioVersion = 10.0.40219.1
Project("{FAE04EC0-301F-11D3-BF4B-00C04F79EFBC}") = "Palindrome", "Palindrome\Palindrome.csproj", "{66AD2C61-43CF-4678-910C-4544FF622C27}"
EndProject
Global
	GlobalSection(SolutionConfigurationPlatforms) = preSolution
		Debug|Any CPU = Debug|Any CPU
		Release|Any CPU = Release|Any CPU
	EndGlobalSection
	GlobalSection(ProjectConfigurationPlatforms) = postSolution
		{66AD2C61-43CF-4678-910C-4544FF622C27}.Debug|Any CPU.ActiveCfg = Debug|Any CPU
		{66AD2C61-43CF-4678-910C-4544FF622C27}.Debug|Any CPU.Build.0 = Debug|Any CPU
		{66AD2C61-43CF-4678-910C-4544FF622C27}.Release|Any CPU.ActiveCfg = Release|Any CPU
		{66AD2C61-43CF-4678-910C-4544FF622C27}.Release|Any CPU.Build.0 = Release|Any CPU
	EndGlobalSection
	GlobalSection(SolutionProperties) = preSolution
		HideSolutionNode = FALSE
	EndGlobalSection
	GlobalSection(ExtensibilityGlobals) = postSolution
		SolutionGuid = {DA636481-F50F-44C4-8101-D03C6D5B3AE2}
	EndGlobalSection
EndGlobal
