
Microsoft Visual Studio Solution File, Format Version 12.00
# Visual Studio Version 17
VisualStudioVersion = 17.0.32014.148
MinimumVisualStudioVersion = 10.0.40219.1
Project("{FAE04EC0-301F-11D3-BF4B-00C04F79EFBC}") = "ReverseEachWord", "ReverseEachWord\ReverseEachWord.csproj", "{6EBBCF88-8A55-4EED-AFAB-74D5D2A44937}"
EndProject
Global
	GlobalSection(SolutionConfigurationPlatforms) = preSolution
		Debug|Any CPU = Debug|Any CPU
		Release|Any CPU = Release|Any CPU
	EndGlobalSection
	GlobalSection(ProjectConfigurationPlatforms) = postSolution
		{6EBBCF88-8A55-4EED-AFAB-74D5D2A44937}.Debug|Any CPU.ActiveCfg = Debug|Any CPU
		{6EBBCF88-8A55-4EED-AFAB-74D5D2A44937}.Debug|Any CPU.Build.0 = Debug|Any CPU
		{6EBBCF88-8A55-4EED-AFAB-74D5D2A44937}.Release|Any CPU.ActiveCfg = Release|Any CPU
		{6EBBCF88-8A55-4EED-AFAB-74D5D2A44937}.Release|Any CPU.Build.0 = Release|Any CPU
	EndGlobalSection
	GlobalSection(SolutionProperties) = preSolution
		HideSolutionNode = FALSE
	EndGlobalSection
	GlobalSection(ExtensibilityGlobals) = postSolution
		SolutionGuid = {2A1A3FED-9F1E-4A47-9E8A-A5F8B29543E0}
	EndGlobalSection
EndGlobal
